
Microsoft Visual Studio Solution File, Format Version 12.00
# Visual Studio Version 17
VisualStudioVersion = 17.0.31903.59
MinimumVisualStudioVersion = 10.0.40219.1
Project("{2150E333-8FDC-42A3-9474-1A3956D46DE8}") = "src", "src", "{DB47CA65-102A-44EF-86BD-D29739ADD9B9}"
EndProject
Project("{FAE04EC0-301F-11D3-BF4B-00C04F79EFBC}") = "AircraftMinimization", "src\AircraftMinimization\AircraftMinimization.csproj", "{57D04CF6-AD20-4B7C-A468-56F049D19551}"
EndProject
Project("{2150E333-8FDC-42A3-9474-1A3956D46DE8}") = "tests", "tests", "{D5F24BA7-84DF-4B25-8D14-F6616F109467}"
EndProject
Project("{FAE04EC0-301F-11D3-BF4B-00C04F79EFBC}") = "AircraftMinimization.UnitTests", "tests\AircraftMinimization.UnitTests\AircraftMinimization.UnitTests.csproj", "{A3700D95-11EB-47DF-9040-B3E32A5E7B3F}"
EndProject
Global
	GlobalSection(SolutionConfigurationPlatforms) = preSolution
		Debug|Any CPU = Debug|Any CPU
		Release|Any CPU = Release|Any CPU
	EndGlobalSection
	GlobalSection(SolutionProperties) = preSolution
		HideSolutionNode = FALSE
	EndGlobalSection
	GlobalSection(ProjectConfigurationPlatforms) = postSolution
		{57D04CF6-AD20-4B7C-A468-56F049D19551}.Debug|Any CPU.ActiveCfg = Debug|Any CPU
		{57D04CF6-AD20-4B7C-A468-56F049D19551}.Debug|Any CPU.Build.0 = Debug|Any CPU
		{57D04CF6-AD20-4B7C-A468-56F049D19551}.Release|Any CPU.ActiveCfg = Release|Any CPU
		{57D04CF6-AD20-4B7C-A468-56F049D19551}.Release|Any CPU.Build.0 = Release|Any CPU
		{A3700D95-11EB-47DF-9040-B3E32A5E7B3F}.Debug|Any CPU.ActiveCfg = Debug|Any CPU
		{A3700D95-11EB-47DF-9040-B3E32A5E7B3F}.Debug|Any CPU.Build.0 = Debug|Any CPU
		{A3700D95-11EB-47DF-9040-B3E32A5E7B3F}.Release|Any CPU.ActiveCfg = Release|Any CPU
		{A3700D95-11EB-47DF-9040-B3E32A5E7B3F}.Release|Any CPU.Build.0 = Release|Any CPU
	EndGlobalSection
	GlobalSection(NestedProjects) = preSolution
		{57D04CF6-AD20-4B7C-A468-56F049D19551} = {DB47CA65-102A-44EF-86BD-D29739ADD9B9}
		{A3700D95-11EB-47DF-9040-B3E32A5E7B3F} = {D5F24BA7-84DF-4B25-8D14-F6616F109467}
	EndGlobalSection
EndGlobal
